{
  "name": "basic",
  "version": "1.0.0",
  "lockfileVersion": 2,
  "requires": true,
  "packages": {
    "": {
      "name": "basic",
      "version": "1.0.0",
      "dependencies": {
        "bignumber.js": "^9.1.0",
        "everscale-inpage-provider": "^0.3.45",
        "everscale-standalone-client": "^2.1.5"
      }
    },
    "node_modules/@broxus/await-semaphore": {
      "version": "0.1.5",
      "resolved": "https://registry.npmjs.org/@broxus/await-semaphore/-/await-semaphore-0.1.5.tgz",
      "integrity": "sha512-g464HtHHKxk6r6bkZc+lET1PuSgcFxlLHVb7EAqfxTlx6DRcYkjPRIQQhRHB3BQ6zRpfMrYkppL0tBtRED+HNA=="
    },
    "node_modules/bignumber.js": {
      "version": "9.1.0",
      "resolved": "https://registry.npmjs.org/bignumber.js/-/bignumber.js-9.1.0.tgz",
      "integrity": "sha512-4LwHK4nfDOraBCtst+wOWIHbu1vhvAPJK8g8nROd4iuc3PSEjWif/qwbkh8jwCJz6yDBvtU4KPynETgrfh7y3A==",
      "engines": {
        "node": "*"
      }
    },
    "node_modules/events": {
      "version": "3.3.0",
      "resolved": "https://registry.npmjs.org/events/-/events-3.3.0.tgz",
      "integrity": "sha512-mQw+2fkQbALzQ7V0MY0IqdnXNOeTtP4r0lN9z7AAawCXgqea7bDii20AYrIBrFd/Hx0M2Ocz6S111CaFkUcb0Q==",
      "engines": {
        "node": ">=0.8.x"
      }
    },
    "node_modules/everscale-inpage-provider": {
      "version": "0.3.45",
      "resolved": "https://registry.npmjs.org/everscale-inpage-provider/-/everscale-inpage-provider-0.3.45.tgz",
      "integrity": "sha512-e28/9AyAOtpyz9xHa2eRJsPUNvM5jD/BVA8+GYk8bnLENczkbtZEf9Rp4m+1XTZblJedbY0Al8cMZV5IiKGa4g=="
    },
    "node_modules/everscale-standalone-client": {
      "version": "2.1.5",
      "resolved": "https://registry.npmjs.org/everscale-standalone-client/-/everscale-standalone-client-2.1.5.tgz",
      "integrity": "sha512-dp5pCABzJsW+ZSfBUlSr3f8xRjYBOCxM8t7YaiA7dhMsC1rfmDRVoT5mgnOeyJPLq9k21XgZvLOJAF97PhmnRA==",
      "dependencies": {
        "@broxus/await-semaphore": "^0.1.5",
        "bignumber.js": "^9.1.0",
        "events": "^3.3.0",
        "everscale-inpage-provider": "^0.3.45",
        "fast-safe-stringify": "^2.1.1",
        "nekoton-wasm": "^1.0.5",
        "node-fetch": "^2.6.7"
      }
    },
    "node_modules/fast-safe-stringify": {
      "version": "2.1.1",
      "resolved": "https://registry.npmjs.org/fast-safe-stringify/-/fast-safe-stringify-2.1.1.tgz",
      "integrity": "sha512-W+KJc2dmILlPplD/H4K9l9LcAHAfPtP6BY84uVLXQ6Evcz9Lcg33Y2z1IVblT6xdY54PXYVHEv+0Wpq8Io6zkA=="
    },
    "node_modules/nekoton-wasm": {
      "version": "1.0.9",
      "resolved": "https://registry.npmjs.org/nekoton-wasm/-/nekoton-wasm-1.0.9.tgz",
      "integrity": "sha512-OIr6p080TjYYfnW6YOca8dHuX96DoC/oyftE+3IpW8GMN0aEEAQ5xLm5t8Vz4ntJpthU6JcboR7dqFUroPT4Kw=="
    },
    "node_modules/node-fetch": {
      "version": "2.6.7",
      "resolved": "https://registry.npmjs.org/node-fetch/-/node-fetch-2.6.7.tgz",
      "integrity": "sha512-ZjMPFEfVx5j+y2yF35Kzx5sF7kDzxuDj6ziH4FFbOp87zKDZNx8yExJIb05OGF4Nlt9IHFIMBkRl41VdvcNdbQ==",
      "dependencies": {
        "whatwg-url": "^5.0.0"
      },
      "engines": {
        "node": "4.x || >=6.0.0"
      },
      "peerDependencies": {
        "encoding": "^0.1.0"
      },
      "peerDependenciesMeta": {
        "encoding": {
          "optional": true
        }
      }
    },
    "node_modules/tr46": {
      "version": "0.0.3",
      "resolved": "https://registry.npmjs.org/tr46/-/tr46-0.0.3.tgz",
      "integrity": "sha512-N3WMsuqV66lT30CrXNbEjx4GEwlow3v6rr4mCcv6prnfwhS01rkgyFdjPNBYd9br7LpXV1+Emh01fHnq2Gdgrw=="
    },
    "node_modules/webidl-conversions": {
      "version": "3.0.1",
      "resolved": "https://registry.npmjs.org/webidl-conversions/-/webidl-conversions-3.0.1.tgz",
      "integrity": "sha512-2JAn3z8AR6rjK8Sm8orRC0h/bcl/DqL7tRPdGZ4I1CjdF+EaMLmYxBHyXuKL849eucPFhvBoxMsflfOb8kxaeQ=="
    },
    "node_modules/whatwg-url": {
      "version": "5.0.0",
      "resolved": "https://registry.npmjs.org/whatwg-url/-/whatwg-url-5.0.0.tgz",
      "integrity": "sha512-saE57nupxk6v3HY35+jzBwYa0rKSy0XR8JSxZPwgLr7ys0IBzhGviA1/TUGJLmSVqs8pb9AnvICXEuOHLprYTw==",
      "dependencies": {
        "tr46": "~0.0.3",
        "webidl-conversions": "^3.0.0"
      }
    }
  },
  "dependencies": {
    "@broxus/await-semaphore": {
      "version": "0.1.5",
      "resolved": "https://registry.npmjs.org/@broxus/await-semaphore/-/await-semaphore-0.1.5.tgz",
      "integrity": "sha512-g464HtHHKxk6r6bkZc+lET1PuSgcFxlLHVb7EAqfxTlx6DRcYkjPRIQQhRHB3BQ6zRpfMrYkppL0tBtRED+HNA=="
    },
    "bignumber.js": {
      "version": "9.1.0",
      "resolved": "https://registry.npmjs.org/bignumber.js/-/bignumber.js-9.1.0.tgz",
      "integrity": "sha512-4LwHK4nfDOraBCtst+wOWIHbu1vhvAPJK8g8nROd4iuc3PSEjWif/qwbkh8jwCJz6yDBvtU4KPynETgrfh7y3A=="
    },
    "events": {
      "version": "3.3.0",
      "resolved": "https://registry.npmjs.org/events/-/events-3.3.0.tgz",
      "integrity": "sha512-mQw+2fkQbALzQ7V0MY0IqdnXNOeTtP4r0lN9z7AAawCXgqea7bDii20AYrIBrFd/Hx0M2Ocz6S111CaFkUcb0Q=="
    },
    "everscale-inpage-provider": {
      "version": "0.3.45",
      "resolved": "https://registry.npmjs.org/everscale-inpage-provider/-/everscale-inpage-provider-0.3.45.tgz",
      "integrity": "sha512-e28/9AyAOtpyz9xHa2eRJsPUNvM5jD/BVA8+GYk8bnLENczkbtZEf9Rp4m+1XTZblJedbY0Al8cMZV5IiKGa4g=="
    },
    "everscale-standalone-client": {
      "version": "2.1.5",
      "resolved": "https://registry.npmjs.org/everscale-standalone-client/-/everscale-standalone-client-2.1.5.tgz",
      "integrity": "sha512-dp5pCABzJsW+ZSfBUlSr3f8xRjYBOCxM8t7YaiA7dhMsC1rfmDRVoT5mgnOeyJPLq9k21XgZvLOJAF97PhmnRA==",
      "requires": {
        "@broxus/await-semaphore": "^0.1.5",
        "bignumber.js": "^9.1.0",
        "events": "^3.3.0",
        "everscale-inpage-provider": "^0.3.45",
        "fast-safe-stringify": "^2.1.1",
        "nekoton-wasm": "^1.0.5",
        "node-fetch": "^2.6.7"
      }
    },
    "fast-safe-stringify": {
      "version": "2.1.1",
      "resolved": "https://registry.npmjs.org/fast-safe-stringify/-/fast-safe-stringify-2.1.1.tgz",
      "integrity": "sha512-W+KJc2dmILlPplD/H4K9l9LcAHAfPtP6BY84uVLXQ6Evcz9Lcg33Y2z1IVblT6xdY54PXYVHEv+0Wpq8Io6zkA=="
    },
    "nekoton-wasm": {
      "version": "1.0.9",
      "resolved": "https://registry.npmjs.org/nekoton-wasm/-/nekoton-wasm-1.0.9.tgz",
      "integrity": "sha512-OIr6p080TjYYfnW6YOca8dHuX96DoC/oyftE+3IpW8GMN0aEEAQ5xLm5t8Vz4ntJpthU6JcboR7dqFUroPT4Kw=="
    },
    "node-fetch": {
      "version": "2.6.7",
      "resolved": "https://registry.npmjs.org/node-fetch/-/node-fetch-2.6.7.tgz",
      "integrity": "sha512-ZjMPFEfVx5j+y2yF35Kzx5sF7kDzxuDj6ziH4FFbOp87zKDZNx8yExJIb05OGF4Nlt9IHFIMBkRl41VdvcNdbQ==",
      "requires": {
        "whatwg-url": "^5.0.0"
      }
    },
    "tr46": {
      "version": "0.0.3",
      "resolved": "https://registry.npmjs.org/tr46/-/tr46-0.0.3.tgz",
      "integrity": "sha512-N3WMsuqV66lT30CrXNbEjx4GEwlow3v6rr4mCcv6prnfwhS01rkgyFdjPNBYd9br7LpXV1+Emh01fHnq2Gdgrw=="
    },
    "webidl-conversions": {
      "version": "3.0.1",
      "resolved": "https://registry.npmjs.org/webidl-conversions/-/webidl-conversions-3.0.1.tgz",
      "integrity": "sha512-2JAn3z8AR6rjK8Sm8orRC0h/bcl/DqL7tRPdGZ4I1CjdF+EaMLmYxBHyXuKL849eucPFhvBoxMsflfOb8kxaeQ=="
    },
    "whatwg-url": {
      "version": "5.0.0",
      "resolved": "https://registry.npmjs.org/whatwg-url/-/whatwg-url-5.0.0.tgz",
      "integrity": "sha512-saE57nupxk6v3HY35+jzBwYa0rKSy0XR8JSxZPwgLr7ys0IBzhGviA1/TUGJLmSVqs8pb9AnvICXEuOHLprYTw==",
      "requires": {
        "tr46": "~0.0.3",
        "webidl-conversions": "^3.0.0"
      }
    }
  }
}
