{
  "name": "basic",
  "version": "1.0.0",
  "lockfileVersion": 1,
  "requires": true,
  "dependencies": {
    "@eversdk/appkit": {
      "version": "0.3.1",
      "resolved": "https://registry.npmjs.org/@eversdk/appkit/-/appkit-0.3.1.tgz",
      "integrity": "sha512-WqlBIy8obZhTOAopdHCI7+S3obPtY3Bf/9Dtpbs9QccdiGD1NaCdmpSAcSpizx1eZo50/ie6PKRnuCZm4Sp6EA==",
      "requires": {
        "@eversdk/core": "^1"
      }
    },
    "@eversdk/core": {
      "version": "1.37.2",
      "resolved": "https://registry.npmjs.org/@eversdk/core/-/core-1.37.2.tgz",
      "integrity": "sha512-okBFFC+Xs+fZMWObM1Duc9Zl2oFSR7fE3+PAVs+qkSZZrJctuI+eyfa87YgnXxts5Gy6lZP2iIJN6VjGafMgVw=="
    },
    "@eversdk/lib-node": {
      "version": "1.37.2",
      "resolved": "https://registry.npmjs.org/@eversdk/lib-node/-/lib-node-1.37.2.tgz",
      "integrity": "sha512-/5UfWbbFysL9EzpSUW90I/hgZNczEZAQJUdTSCTqLs1BwH/N1tFr2Kr/F8m48f6IXRNoHlEpqvcEAq7K6fvrng=="
    }
  }
}
